
Microsoft Visual Studio Solution File, Format Version 12.00
# Visual Studio Version 17
VisualStudioVersion = 17.14.36518.9 d17.14
MinimumVisualStudioVersion = 10.0.40219.1
Project("{FAE04EC0-301F-11D3-BF4B-00C04F79EFBC}") = "ConsoleAppAct1", "ConsoleAppAct1.csproj", "{EF7FBD42-6023-4B60-9F08-18803751105A}"
EndProject
Global
	GlobalSection(SolutionConfigurationPlatforms) = preSolution
		Debug|Any CPU = Debug|Any CPU
		Release|Any CPU = Release|Any CPU
	EndGlobalSection
	GlobalSection(ProjectConfigurationPlatforms) = postSolution
		{EF7FBD42-6023-4B60-9F08-18803751105A}.Debug|Any CPU.ActiveCfg = Debug|Any CPU
		{EF7FBD42-6023-4B60-9F08-18803751105A}.Debug|Any CPU.Build.0 = Debug|Any CPU
		{EF7FBD42-6023-4B60-9F08-18803751105A}.Release|Any CPU.ActiveCfg = Release|Any CPU
		{EF7FBD42-6023-4B60-9F08-18803751105A}.Release|Any CPU.Build.0 = Release|Any CPU
	EndGlobalSection
	GlobalSection(SolutionProperties) = preSolution
		HideSolutionNode = FALSE
	EndGlobalSection
	GlobalSection(ExtensibilityGlobals) = postSolution
		SolutionGuid = {660C7AD2-BA4B-472C-9EFB-E49AC64E9805}
	EndGlobalSection
EndGlobal
